
Microsoft Visual Studio Solution File, Format Version 12.00
# Visual Studio Version 16
VisualStudioVersion = 16.0.29418.71
MinimumVisualStudioVersion = 10.0.40219.1
Project("{8BC9CEB8-8B4A-11D0-8D11-00A0C91BC942}") = "DebugAtException", "DebugAtException\DebugAtException.vcxproj", "{5C4326B8-4366-4185-A811-588F0548F366}"
EndProject
Project("{FAE04EC0-301F-11D3-BF4B-00C04F79EFBC}") = "daeProxy", "daeProxy\daeProxy.csproj", "{0F6D368C-E827-4943-A519-87AC38A4A424}"
EndProject
Project("{FAE04EC0-301F-11D3-BF4B-00C04F79EFBC}") = "SampleApp", "SampleApp\SampleApp.csproj", "{620E4ABF-35B5-4965-A9E3-731A6EB878F8}"
EndProject
Global
	GlobalSection(SolutionConfigurationPlatforms) = preSolution
		Debug|Any CPU = Debug|Any CPU
		Debug|x64 = Debug|x64
		Debug|x86 = Debug|x86
		Release|Any CPU = Release|Any CPU
		Release|x64 = Release|x64
		Release|x86 = Release|x86
	EndGlobalSection
	GlobalSection(ProjectConfigurationPlatforms) = postSolution
		{5C4326B8-4366-4185-A811-588F0548F366}.Debug|Any CPU.ActiveCfg = Debug|x64
		{5C4326B8-4366-4185-A811-588F0548F366}.Debug|Any CPU.Build.0 = Debug|x64
		{5C4326B8-4366-4185-A811-588F0548F366}.Debug|x64.ActiveCfg = Debug|x64
		{5C4326B8-4366-4185-A811-588F0548F366}.Debug|x64.Build.0 = Debug|x64
		{5C4326B8-4366-4185-A811-588F0548F366}.Debug|x86.ActiveCfg = Debug|Win32
		{5C4326B8-4366-4185-A811-588F0548F366}.Debug|x86.Build.0 = Debug|Win32
		{5C4326B8-4366-4185-A811-588F0548F366}.Release|Any CPU.ActiveCfg = Release|Win32
		{5C4326B8-4366-4185-A811-588F0548F366}.Release|x64.ActiveCfg = Release|x64
		{5C4326B8-4366-4185-A811-588F0548F366}.Release|x64.Build.0 = Release|x64
		{5C4326B8-4366-4185-A811-588F0548F366}.Release|x86.ActiveCfg = Release|Win32
		{5C4326B8-4366-4185-A811-588F0548F366}.Release|x86.Build.0 = Release|Win32
		{0F6D368C-E827-4943-A519-87AC38A4A424}.Debug|Any CPU.ActiveCfg = Debug|Any CPU
		{0F6D368C-E827-4943-A519-87AC38A4A424}.Debug|Any CPU.Build.0 = Debug|Any CPU
		{0F6D368C-E827-4943-A519-87AC38A4A424}.Debug|x64.ActiveCfg = Debug|Any CPU
		{0F6D368C-E827-4943-A519-87AC38A4A424}.Debug|x64.Build.0 = Debug|Any CPU
		{0F6D368C-E827-4943-A519-87AC38A4A424}.Debug|x86.ActiveCfg = Debug|x86
		{0F6D368C-E827-4943-A519-87AC38A4A424}.Debug|x86.Build.0 = Debug|x86
		{0F6D368C-E827-4943-A519-87AC38A4A424}.Release|Any CPU.ActiveCfg = Release|Any CPU
		{0F6D368C-E827-4943-A519-87AC38A4A424}.Release|Any CPU.Build.0 = Release|Any CPU
		{0F6D368C-E827-4943-A519-87AC38A4A424}.Release|x64.ActiveCfg = Release|Any CPU
		{0F6D368C-E827-4943-A519-87AC38A4A424}.Release|x64.Build.0 = Release|Any CPU
		{0F6D368C-E827-4943-A519-87AC38A4A424}.Release|x86.ActiveCfg = Release|x86
		{0F6D368C-E827-4943-A519-87AC38A4A424}.Release|x86.Build.0 = Release|x86
		{620E4ABF-35B5-4965-A9E3-731A6EB878F8}.Debug|Any CPU.ActiveCfg = Debug|Any CPU
		{620E4ABF-35B5-4965-A9E3-731A6EB878F8}.Debug|Any CPU.Build.0 = Debug|Any CPU
		{620E4ABF-35B5-4965-A9E3-731A6EB878F8}.Debug|x64.ActiveCfg = Debug|Any CPU
		{620E4ABF-35B5-4965-A9E3-731A6EB878F8}.Debug|x64.Build.0 = Debug|Any CPU
		{620E4ABF-35B5-4965-A9E3-731A6EB878F8}.Debug|x86.ActiveCfg = Debug|x86
		{620E4ABF-35B5-4965-A9E3-731A6EB878F8}.Debug|x86.Build.0 = Debug|x86
		{620E4ABF-35B5-4965-A9E3-731A6EB878F8}.Release|Any CPU.ActiveCfg = Release|Any CPU
		{620E4ABF-35B5-4965-A9E3-731A6EB878F8}.Release|Any CPU.Build.0 = Release|Any CPU
		{620E4ABF-35B5-4965-A9E3-731A6EB878F8}.Release|x64.ActiveCfg = Release|Any CPU
		{620E4ABF-35B5-4965-A9E3-731A6EB878F8}.Release|x64.Build.0 = Release|Any CPU
		{620E4ABF-35B5-4965-A9E3-731A6EB878F8}.Release|x86.ActiveCfg = Release|x86
		{620E4ABF-35B5-4965-A9E3-731A6EB878F8}.Release|x86.Build.0 = Release|x86
	EndGlobalSection
	GlobalSection(SolutionProperties) = preSolution
		HideSolutionNode = FALSE
	EndGlobalSection
	GlobalSection(ExtensibilityGlobals) = postSolution
		SolutionGuid = {F8DBF451-0071-4EB7-9093-6D0E6BF9980C}
	EndGlobalSection
EndGlobal
